
Microsoft Visual Studio Solution File, Format Version 12.00
# Visual Studio Version 16
VisualStudioVersion = 16.0.30114.105
MinimumVisualStudioVersion = 10.0.40219.1
Project("{FAE04EC0-301F-11D3-BF4B-00C04F79EFBC}") = "TTE_GAME", "TTE_GAME\TTE_GAME.csproj", "{0C47D50B-CC60-459E-8CC2-FF56646D4545}"
EndProject
Global
	GlobalSection(SolutionConfigurationPlatforms) = preSolution
		Debug|Any CPU = Debug|Any CPU
		Release|Any CPU = Release|Any CPU
	EndGlobalSection
	GlobalSection(ProjectConfigurationPlatforms) = postSolution
		{0C47D50B-CC60-459E-8CC2-FF56646D4545}.Debug|Any CPU.ActiveCfg = Debug|Any CPU
		{0C47D50B-CC60-459E-8CC2-FF56646D4545}.Debug|Any CPU.Build.0 = Debug|Any CPU
		{0C47D50B-CC60-459E-8CC2-FF56646D4545}.Release|Any CPU.ActiveCfg = Release|Any CPU
		{0C47D50B-CC60-459E-8CC2-FF56646D4545}.Release|Any CPU.Build.0 = Release|Any CPU
	EndGlobalSection
	GlobalSection(SolutionProperties) = preSolution
		HideSolutionNode = FALSE
	EndGlobalSection
	GlobalSection(ExtensibilityGlobals) = postSolution
		SolutionGuid = {E3C4D74B-26B8-428B-8747-CD2DF854F611}
	EndGlobalSection
EndGlobal
